<?xml version="1.0" encoding="utf-8"?>
<Project ToolsVersion="4.0" xmlns="http://schemas.microsoft.com/developer/msbuild/2003">
  <ItemGroup>
    <Filter Include="Source Files">
      <UniqueIdentifier>{4FC737F1-C7A5-4376-A066-2A32D752A2FF}</UniqueIdentifier>
      <Extensions>cpp;c;cc;cxx;def;odl;idl;hpj;bat;asm;asmx</Extensions>
    </Filter>
    <Filter Include="Header Files">
      <UniqueIdentifier>{93995380-89BD-4b04-88EB-625FBE52EBFB}</UniqueIdentifier>
      <Extensions>h;hh;hpp;hxx;hm;inl;inc;ipp;xsd</Extensions>
    </Filter>
    <Filter Include="Resource Files">
      <UniqueIdentifier>{67DA6AB6-F800-4c08-8B7A-83BB121AAD01}</UniqueIdentifier>
      <Extensions>rc;ico;cur;bmp;dlg;rc2;rct;bin;rgs;gif;jpg;jpeg;jpe;resx;tiff;tif;png;wav;mfcribbon-ms</Extensions>
    </Filter>
    <Filter Include="Source Files\Objects">
      <UniqueIdentifier>{dd7a362f-4fc3-409c-ad37-a570317f4f8f}</UniqueIdentifier>
    </Filter>
    <Filter Include="Header Files\Objects">
      <UniqueIdentifier>{8be38157-bf3f-4e01-8bab-bb8321cf7a5a}</UniqueIdentifier>
    </Filter>
    <Filter Include="Header Files\Aux Classes">
      <UniqueIdentifier>{7504f12a-5d03-49b8-9c3d-7930b93eb6bc}</UniqueIdentifier>
    </Filter>
    <Filter Include="Source Files\Aux Classes">
      <UniqueIdentifier>{941e3c87-36b8-4e7f-b555-3f2419dce1a9}</UniqueIdentifier>
    </Filter>
    <Filter Include="Header Files\Lighting">
      <UniqueIdentifier>{2b0b3674-55cb-4a6a-a407-b41eda1cb4c7}</UniqueIdentifier>
    </Filter>
    <Filter Include="Source Files\Lighting">
      <UniqueIdentifier>{394898f5-984e-486b-8760-d38d49517608}</UniqueIdentifier>
    </Filter>
    <Filter Include="Header Files\Scene">
      <UniqueIdentifier>{8d5ec74c-ce4e-4dde-86e2-0234e7af48c9}</UniqueIdentifier>
    </Filter>
    <Filter Include="Source Files\Scene">
      <UniqueIdentifier>{bc5dc9c3-e188-4035-a574-8e522f040c25}</UniqueIdentifier>
    </Filter>
    <Filter Include="Header Files\Tone Reproduction">
      <UniqueIdentifier>{012ca6b6-c4df-429e-9a02-0a0eb0b1d833}</UniqueIdentifier>
    </Filter>
    <Filter Include="Source Files\Tone Reproduction">
      <UniqueIdentifier>{8938ddc6-7055-46ae-87a3-981a9eeb9887}</UniqueIdentifier>
    </Filter>
    <Filter Include="Source Files\Accelerated Structures">
      <UniqueIdentifier>{e329c8fb-34c6-452d-bfc3-34b4e374d992}</UniqueIdentifier>
    </Filter>
    <Filter Include="Header Files\Accelerated Structures">
      <UniqueIdentifier>{9ba359b6-03ed-4d1b-805a-afcd18a7fecd}</UniqueIdentifier>
    </Filter>
  </ItemGroup>
  <ItemGroup>
    <ClCompile Include="Source.cpp">
      <Filter>Source Files</Filter>
    </ClCompile>
    <ClCompile Include="Object.cpp">
      <Filter>Source Files\Objects</Filter>
    </ClCompile>
    <ClCompile Include="Sphere.cpp">
      <Filter>Source Files\Objects</Filter>
    </ClCompile>
    <ClCompile Include="Color.cpp">
      <Filter>Source Files\Aux Classes</Filter>
    </ClCompile>
    <ClCompile Include="Point.cpp">
      <Filter>Source Files\Aux Classes</Filter>
    </ClCompile>
    <ClCompile Include="Ray.cpp">
      <Filter>Source Files\Aux Classes</Filter>
    </ClCompile>
    <ClCompile Include="Triangle.cpp">
      <Filter>Source Files\Objects</Filter>
    </ClCompile>
    <ClCompile Include="Plane.cpp">
      <Filter>Source Files\Objects</Filter>
    </ClCompile>
    <ClCompile Include="Polygon.cpp">
      <Filter>Source Files\Objects</Filter>
    </ClCompile>
    <ClCompile Include="$(MSBuildThisFileDirectory)..\..\lib\native\src\lodepng.cpp">
      <Filter>Source Files</Filter>
    </ClCompile>
    <ClCompile Include="LightSource.cpp">
      <Filter>Source Files\Lighting</Filter>
    </ClCompile>
    <ClCompile Include="Material.cpp">
      <Filter>Source Files\Lighting</Filter>
    </ClCompile>
    <ClCompile Include="Phong.cpp">
      <Filter>Source Files\Lighting</Filter>
    </ClCompile>
    <ClCompile Include="Camera.cpp">
      <Filter>Source Files\Scene</Filter>
    </ClCompile>
    <ClCompile Include="World.cpp">
      <Filter>Source Files\Scene</Filter>
    </ClCompile>
    <ClCompile Include="IntersectData.cpp">
      <Filter>Source Files\Aux Classes</Filter>
    </ClCompile>
    <ClCompile Include="KdNode.cpp">
      <Filter>Source Files\Accelerated Structures</Filter>
    </ClCompile>
    <ClCompile Include="Voxel.cpp">
      <Filter>Source Files\Objects</Filter>
    </ClCompile>
    <ClCompile Include="KdInterior.cpp">
      <Filter>Source Files\Accelerated Structures</Filter>
    </ClCompile>
    <ClCompile Include="KdLeaf.cpp">
      <Filter>Source Files\Accelerated Structures</Filter>
    </ClCompile>
    <ClCompile Include="KdTreeBuilder.cpp">
      <Filter>Source Files\Accelerated Structures</Filter>
    </ClCompile>
    <ClCompile Include="Checkerboard.cpp">
      <Filter>Source Files\Lighting</Filter>
    </ClCompile>
    <ClCompile Include="PhongBlinn.cpp">
      <Filter>Source Files\Lighting</Filter>
    </ClCompile>
    <ClCompile Include="TROperator.cpp">
      <Filter>Source Files\Tone Reproduction</Filter>
    </ClCompile>
    <ClCompile Include="TRReinhard.cpp">
      <Filter>Source Files\Tone Reproduction</Filter>
    </ClCompile>
    <ClCompile Include="TRWard.cpp">
      <Filter>Source Files\Tone Reproduction</Filter>
    </ClCompile>
  </ItemGroup>
  <ItemGroup>
    <ClInclude Include="Object.h">
      <Filter>Header Files\Objects</Filter>
    </ClInclude>
    <ClInclude Include="Sphere.h">
      <Filter>Header Files\Objects</Filter>
    </ClInclude>
    <ClInclude Include="Color.h">
      <Filter>Header Files\Aux Classes</Filter>
    </ClInclude>
    <ClInclude Include="Point.h">
      <Filter>Header Files\Aux Classes</Filter>
    </ClInclude>
    <ClInclude Include="Ray.h">
      <Filter>Header Files\Aux Classes</Filter>
    </ClInclude>
    <ClInclude Include="Triangle.h">
      <Filter>Header Files\Objects</Filter>
    </ClInclude>
    <ClInclude Include="Plane.h">
      <Filter>Header Files\Objects</Filter>
    </ClInclude>
    <ClInclude Include="Polygon.h">
      <Filter>Header Files\Objects</Filter>
    </ClInclude>
    <ClInclude Include="Phong.h">
      <Filter>Header Files\Lighting</Filter>
    </ClInclude>
    <ClInclude Include="LightSource.h">
      <Filter>Header Files\Lighting</Filter>
    </ClInclude>
    <ClInclude Include="Material.h">
      <Filter>Header Files\Lighting</Filter>
    </ClInclude>
    <ClInclude Include="Camera.h">
      <Filter>Header Files\Scene</Filter>
    </ClInclude>
    <ClInclude Include="World.h">
      <Filter>Header Files\Scene</Filter>
    </ClInclude>
    <ClInclude Include="IntersectData.h">
      <Filter>Header Files\Aux Classes</Filter>
    </ClInclude>
    <ClInclude Include="KdNode.h">
      <Filter>Header Files\Accelerated Structures</Filter>
    </ClInclude>
    <ClInclude Include="Voxel.h">
      <Filter>Header Files\Objects</Filter>
    </ClInclude>
    <ClInclude Include="KdInterior.h">
      <Filter>Header Files\Accelerated Structures</Filter>
    </ClInclude>
    <ClInclude Include="KdLeaf.h">
      <Filter>Header Files\Accelerated Structures</Filter>
    </ClInclude>
    <ClInclude Include="KdTreeBuilder.h">
      <Filter>Header Files\Accelerated Structures</Filter>
    </ClInclude>
    <ClInclude Include="Checkerboard.h">
      <Filter>Header Files\Lighting</Filter>
    </ClInclude>
    <ClInclude Include="PhongBlinn.h">
      <Filter>Header Files\Lighting</Filter>
    </ClInclude>
    <ClInclude Include="TRReinhard.h">
      <Filter>Header Files\Tone Reproduction</Filter>
    </ClInclude>
    <ClInclude Include="TRWard.h">
      <Filter>Header Files\Tone Reproduction</Filter>
    </ClInclude>
    <ClInclude Include="TROperator.h">
      <Filter>Header Files\Tone Reproduction</Filter>
    </ClInclude>
  </ItemGroup>
  <ItemGroup>
    <None Include="packages.config" />
  </ItemGroup>
</Project>